
Microsoft Visual Studio Solution File, Format Version 12.00
# Visual Studio Version 16
VisualStudioVersion = 16.0.31729.503
MinimumVisualStudioVersion = 10.0.40219.1
Project("{FAE04EC0-301F-11D3-BF4B-00C04F79EFBC}") = "FailApp", "FailApp\FailApp.csproj", "{6C8B530F-E119-4BD9-A393-F12A3B8B9216}"
EndProject
Global
	GlobalSection(SolutionConfigurationPlatforms) = preSolution
		Debug|Any CPU = Debug|Any CPU
		Release|Any CPU = Release|Any CPU
	EndGlobalSection
	GlobalSection(ProjectConfigurationPlatforms) = postSolution
		{6C8B530F-E119-4BD9-A393-F12A3B8B9216}.Debug|Any CPU.ActiveCfg = Debug|Any CPU
		{6C8B530F-E119-4BD9-A393-F12A3B8B9216}.Debug|Any CPU.Build.0 = Debug|Any CPU
		{6C8B530F-E119-4BD9-A393-F12A3B8B9216}.Release|Any CPU.ActiveCfg = Release|Any CPU
		{6C8B530F-E119-4BD9-A393-F12A3B8B9216}.Release|Any CPU.Build.0 = Release|Any CPU
	EndGlobalSection
	GlobalSection(SolutionProperties) = preSolution
		HideSolutionNode = FALSE
	EndGlobalSection
	GlobalSection(ExtensibilityGlobals) = postSolution
		SolutionGuid = {8DE3917C-CF32-45B8-953C-A2222A68DA30}
	EndGlobalSection
EndGlobal
